{
  "name": "node-red-contrib-varland-plating",
  "version": "1.0.9",
  "lockfileVersion": 2,
  "requires": true,
  "packages": {
    "": {
      "version": "1.0.0",
      "license": "UNLICENSED",
      "dependencies": {
        "influxdb-v2": "^1.0.0"
      }
    },
    "node_modules/influxdb-v2": {
      "version": "1.0.0",
      "resolved": "https://registry.npmjs.org/influxdb-v2/-/influxdb-v2-1.0.0.tgz",
      "integrity": "sha512-zQEINa2Byhd+iSN4pMjjvRtwIaCI0LeZs8O8Q+K1VPgY1WV+ZMc923LqUwSZXKHMzJkuMP76nSSlkg1PGbaePQ==",
      "dependencies": {
        "node-fetch": "^2.6.1"
      }
    },
    "node_modules/node-fetch": {
      "version": "2.6.1",
      "resolved": "https://registry.npmjs.org/node-fetch/-/node-fetch-2.6.1.tgz",
      "integrity": "sha512-V4aYg89jEoVRxRb2fJdAg8FHvI7cEyYdVAh94HH0UIK8oJxUfkjlDQN9RbMx+bEjP7+ggMiFRprSti032Oipxw==",
      "engines": {
        "node": "4.x || >=6.0.0"
      }
    }
  },
  "dependencies": {
    "influxdb-v2": {
      "version": "1.0.0",
      "resolved": "https://registry.npmjs.org/influxdb-v2/-/influxdb-v2-1.0.0.tgz",
      "integrity": "sha512-zQEINa2Byhd+iSN4pMjjvRtwIaCI0LeZs8O8Q+K1VPgY1WV+ZMc923LqUwSZXKHMzJkuMP76nSSlkg1PGbaePQ==",
      "requires": {
        "node-fetch": "^2.6.1"
      }
    },
    "node-fetch": {
      "version": "2.6.1",
      "resolved": "https://registry.npmjs.org/node-fetch/-/node-fetch-2.6.1.tgz",
      "integrity": "sha512-V4aYg89jEoVRxRb2fJdAg8FHvI7cEyYdVAh94HH0UIK8oJxUfkjlDQN9RbMx+bEjP7+ggMiFRprSti032Oipxw=="
    }
  }
}
